
Microsoft Visual Studio Solution File, Format Version 12.00
# Visual Studio Version 16
VisualStudioVersion = 16.0.30717.126
MinimumVisualStudioVersion = 10.0.40219.1
Project("{FAE04EC0-301F-11D3-BF4B-00C04F79EFBC}") = "okta-aspnet-mvc-example", "okta-aspnet-mvc-example\okta-aspnet-mvc-example.csproj", "{B9ADBD69-487E-4CAB-9065-49D3CB49FCCE}"
EndProject
Global
	GlobalSection(SolutionConfigurationPlatforms) = preSolution
		Debug|Any CPU = Debug|Any CPU
		Release|Any CPU = Release|Any CPU
	EndGlobalSection
	GlobalSection(ProjectConfigurationPlatforms) = postSolution
		{B9ADBD69-487E-4CAB-9065-49D3CB49FCCE}.Debug|Any CPU.ActiveCfg = Debug|Any CPU
		{B9ADBD69-487E-4CAB-9065-49D3CB49FCCE}.Debug|Any CPU.Build.0 = Debug|Any CPU
		{B9ADBD69-487E-4CAB-9065-49D3CB49FCCE}.Release|Any CPU.ActiveCfg = Release|Any CPU
		{B9ADBD69-487E-4CAB-9065-49D3CB49FCCE}.Release|Any CPU.Build.0 = Release|Any CPU
	EndGlobalSection
	GlobalSection(SolutionProperties) = preSolution
		HideSolutionNode = FALSE
	EndGlobalSection
	GlobalSection(ExtensibilityGlobals) = postSolution
		SolutionGuid = {ED2A607F-B4A9-4D5C-BF48-4B0AB08B2948}
	EndGlobalSection
EndGlobal
