
Microsoft Visual Studio Solution File, Format Version 12.00
# Visual Studio 15
VisualStudioVersion = 15.0.28307.271
MinimumVisualStudioVersion = 10.0.40219.1
Project("{FAE04EC0-301F-11D3-BF4B-00C04F79EFBC}") = "okta-aspnet-mvc-example", "okta-aspnet-mvc-example\okta-aspnet-mvc-example.csproj", "{69C63610-E9D2-43E3-8903-38693A1687C6}"
EndProject
Global
	GlobalSection(SolutionConfigurationPlatforms) = preSolution
		Debug|Any CPU = Debug|Any CPU
		Release|Any CPU = Release|Any CPU
	EndGlobalSection
	GlobalSection(ProjectConfigurationPlatforms) = postSolution
		{69C63610-E9D2-43E3-8903-38693A1687C6}.Debug|Any CPU.ActiveCfg = Debug|Any CPU
		{69C63610-E9D2-43E3-8903-38693A1687C6}.Debug|Any CPU.Build.0 = Debug|Any CPU
		{69C63610-E9D2-43E3-8903-38693A1687C6}.Release|Any CPU.ActiveCfg = Release|Any CPU
		{69C63610-E9D2-43E3-8903-38693A1687C6}.Release|Any CPU.Build.0 = Release|Any CPU
	EndGlobalSection
	GlobalSection(SolutionProperties) = preSolution
		HideSolutionNode = FALSE
	EndGlobalSection
	GlobalSection(ExtensibilityGlobals) = postSolution
		SolutionGuid = {67D31BA0-C676-4182-B577-24F117AF3B89}
	EndGlobalSection
EndGlobal
